 hash: 9cc0c5844b6156e46eae78814abc5f9887510586e112718ad61dc8850ea612ab
 updated: 2018-07-04T15:16:51.889392-07:00
 imports:
 - name: github.com/gorilla/context
   version: 08b5f424b9271eedf6f9f0ce86cb9396ed337a42
 - name: github.com/gorilla/mux
   version: cb4698366aa625048f3b815af6a0dea8aef9280a
 - name: github.com/jinzhu/gorm
   version: 5174cc5c242a728b435ea2be8a2f7f998e15429b
 - name: github.com/jinzhu/inflection
   version: 04140366298a54a039076d798123ffa108fff46c
 - name: github.com/markbates/going
   version: 0576708c56cea02331f864fe6e157ac7841923e4
   subpackages:
   - defaults
 - name: github.com/rs/cors
   version: 694cf2ad010fcf91ee35161f5bfdad8f42ed1b9a
 - name: github.com/Sirupsen/logrus
   version: e54a77765aca7bbdd8e56c1c54f60579968b2dc9
 - name: github.com/urfave/negroni
   version: fde5e16d32adc7ad637e9cd9ad21d4ebc6192535
 - name: golang.org/x/crypto
   version: a49355c7e3f8fe157a85be2f77e6e269a0f89602
   subpackages:
   - ssh/terminal
 - name: golang.org/x/sys
   version: 151529c776cdc58ddbe7963ba9af779f3577b419
   subpackages:
   - unix
   - windows
 testImports: []
